
Microsoft Visual Studio Solution File, Format Version 12.00
# Visual Studio Version 16
VisualStudioVersion = 16.0.31025.194
MinimumVisualStudioVersion = 10.0.40219.1
Project("{FAE04EC0-301F-11D3-BF4B-00C04F79EFBC}") = "Entities", "Entities\Entities.csproj", "{6CEC6174-1B45-4C30-BE28-48D710E5B9BA}"
EndProject
Project("{FAE04EC0-301F-11D3-BF4B-00C04F79EFBC}") = "DataAccess", "DataAccess\DataAccess.csproj", "{D9E3A025-3998-469F-8A23-0182B69C142A}"
EndProject
Project("{FAE04EC0-301F-11D3-BF4B-00C04F79EFBC}") = "Business", "Business\Business.csproj", "{D234A358-6382-49F9-A592-B6CEF5DC950F}"
EndProject
Project("{FAE04EC0-301F-11D3-BF4B-00C04F79EFBC}") = "Core", "Core\Core.csproj", "{F223F8D3-62BF-46C9-9659-36D548AC08DD}"
EndProject
Project("{FAE04EC0-301F-11D3-BF4B-00C04F79EFBC}") = "TestConsole", "TestConsole\TestConsole.csproj", "{2E81EEB8-C150-4B55-8DA3-00D94C5B586C}"
EndProject
Global
	GlobalSection(SolutionConfigurationPlatforms) = preSolution
		Debug|Any CPU = Debug|Any CPU
		Release|Any CPU = Release|Any CPU
	EndGlobalSection
	GlobalSection(ProjectConfigurationPlatforms) = postSolution
		{6CEC6174-1B45-4C30-BE28-48D710E5B9BA}.Debug|Any CPU.ActiveCfg = Debug|Any CPU
		{6CEC6174-1B45-4C30-BE28-48D710E5B9BA}.Debug|Any CPU.Build.0 = Debug|Any CPU
		{6CEC6174-1B45-4C30-BE28-48D710E5B9BA}.Release|Any CPU.ActiveCfg = Release|Any CPU
		{6CEC6174-1B45-4C30-BE28-48D710E5B9BA}.Release|Any CPU.Build.0 = Release|Any CPU
		{D9E3A025-3998-469F-8A23-0182B69C142A}.Debug|Any CPU.ActiveCfg = Debug|Any CPU
		{D9E3A025-3998-469F-8A23-0182B69C142A}.Debug|Any CPU.Build.0 = Debug|Any CPU
		{D9E3A025-3998-469F-8A23-0182B69C142A}.Release|Any CPU.ActiveCfg = Release|Any CPU
		{D9E3A025-3998-469F-8A23-0182B69C142A}.Release|Any CPU.Build.0 = Release|Any CPU
		{D234A358-6382-49F9-A592-B6CEF5DC950F}.Debug|Any CPU.ActiveCfg = Debug|Any CPU
		{D234A358-6382-49F9-A592-B6CEF5DC950F}.Debug|Any CPU.Build.0 = Debug|Any CPU
		{D234A358-6382-49F9-A592-B6CEF5DC950F}.Release|Any CPU.ActiveCfg = Release|Any CPU
		{D234A358-6382-49F9-A592-B6CEF5DC950F}.Release|Any CPU.Build.0 = Release|Any CPU
		{F223F8D3-62BF-46C9-9659-36D548AC08DD}.Debug|Any CPU.ActiveCfg = Debug|Any CPU
		{F223F8D3-62BF-46C9-9659-36D548AC08DD}.Debug|Any CPU.Build.0 = Debug|Any CPU
		{F223F8D3-62BF-46C9-9659-36D548AC08DD}.Release|Any CPU.ActiveCfg = Release|Any CPU
		{F223F8D3-62BF-46C9-9659-36D548AC08DD}.Release|Any CPU.Build.0 = Release|Any CPU
		{2E81EEB8-C150-4B55-8DA3-00D94C5B586C}.Debug|Any CPU.ActiveCfg = Debug|Any CPU
		{2E81EEB8-C150-4B55-8DA3-00D94C5B586C}.Debug|Any CPU.Build.0 = Debug|Any CPU
		{2E81EEB8-C150-4B55-8DA3-00D94C5B586C}.Release|Any CPU.ActiveCfg = Release|Any CPU
		{2E81EEB8-C150-4B55-8DA3-00D94C5B586C}.Release|Any CPU.Build.0 = Release|Any CPU
	EndGlobalSection
	GlobalSection(SolutionProperties) = preSolution
		HideSolutionNode = FALSE
	EndGlobalSection
	GlobalSection(ExtensibilityGlobals) = postSolution
		SolutionGuid = {733CFCBD-953D-4A79-B9C3-C621AD53DA65}
	EndGlobalSection
EndGlobal
